
Microsoft Visual Studio Solution File, Format Version 12.00
# Visual Studio Version 17
VisualStudioVersion = 17.0.31903.59
MinimumVisualStudioVersion = 10.0.40219.1
Project("{FAE04EC0-301F-11D3-BF4B-00C04F79EFBC}") = "API", "API\API.csproj", "{41740FE4-2F5B-4A9E-A92F-6254D6CC3214}"
EndProject
Project("{FAE04EC0-301F-11D3-BF4B-00C04F79EFBC}") = "Core", "Core\Core.csproj", "{32DAF1C1-4EBD-4894-83D9-DC90F5F529E1}"
EndProject
Project("{FAE04EC0-301F-11D3-BF4B-00C04F79EFBC}") = "Infrastructure", "Infrastructure\Infrastructure.csproj", "{2094FFFD-8C79-4F68-915A-D391D4A5250C}"
EndProject
Global
	GlobalSection(SolutionConfigurationPlatforms) = preSolution
		Debug|Any CPU = Debug|Any CPU
		Release|Any CPU = Release|Any CPU
	EndGlobalSection
	GlobalSection(SolutionProperties) = preSolution
		HideSolutionNode = FALSE
	EndGlobalSection
	GlobalSection(ProjectConfigurationPlatforms) = postSolution
		{41740FE4-2F5B-4A9E-A92F-6254D6CC3214}.Debug|Any CPU.ActiveCfg = Debug|Any CPU
		{41740FE4-2F5B-4A9E-A92F-6254D6CC3214}.Debug|Any CPU.Build.0 = Debug|Any CPU
		{41740FE4-2F5B-4A9E-A92F-6254D6CC3214}.Release|Any CPU.ActiveCfg = Release|Any CPU
		{41740FE4-2F5B-4A9E-A92F-6254D6CC3214}.Release|Any CPU.Build.0 = Release|Any CPU
		{32DAF1C1-4EBD-4894-83D9-DC90F5F529E1}.Debug|Any CPU.ActiveCfg = Debug|Any CPU
		{32DAF1C1-4EBD-4894-83D9-DC90F5F529E1}.Debug|Any CPU.Build.0 = Debug|Any CPU
		{32DAF1C1-4EBD-4894-83D9-DC90F5F529E1}.Release|Any CPU.ActiveCfg = Release|Any CPU
		{32DAF1C1-4EBD-4894-83D9-DC90F5F529E1}.Release|Any CPU.Build.0 = Release|Any CPU
		{2094FFFD-8C79-4F68-915A-D391D4A5250C}.Debug|Any CPU.ActiveCfg = Debug|Any CPU
		{2094FFFD-8C79-4F68-915A-D391D4A5250C}.Debug|Any CPU.Build.0 = Debug|Any CPU
		{2094FFFD-8C79-4F68-915A-D391D4A5250C}.Release|Any CPU.ActiveCfg = Release|Any CPU
		{2094FFFD-8C79-4F68-915A-D391D4A5250C}.Release|Any CPU.Build.0 = Release|Any CPU
	EndGlobalSection
EndGlobal
